
Microsoft Visual Studio Solution File, Format Version 12.00
# Visual Studio 2012
Project("{FAE04EC0-301F-11D3-BF4B-00C04F79EFBC}") = "MvcUserManagementView", "MvcUserManagementView\MvcUserManagementView.csproj", "{DF13AB94-AE40-40B0-9924-179FF755EE6D}"
EndProject
Global
	GlobalSection(SolutionConfigurationPlatforms) = preSolution
		Debug|Any CPU = Debug|Any CPU
		Release|Any CPU = Release|Any CPU
	EndGlobalSection
	GlobalSection(ProjectConfigurationPlatforms) = postSolution
		{DF13AB94-AE40-40B0-9924-179FF755EE6D}.Debug|Any CPU.ActiveCfg = Debug|Any CPU
		{DF13AB94-AE40-40B0-9924-179FF755EE6D}.Debug|Any CPU.Build.0 = Debug|Any CPU
		{DF13AB94-AE40-40B0-9924-179FF755EE6D}.Release|Any CPU.ActiveCfg = Release|Any CPU
		{DF13AB94-AE40-40B0-9924-179FF755EE6D}.Release|Any CPU.Build.0 = Release|Any CPU
	EndGlobalSection
	GlobalSection(SolutionProperties) = preSolution
		HideSolutionNode = FALSE
	EndGlobalSection
EndGlobal
